
Microsoft Visual Studio Solution File, Format Version 12.00
# Visual Studio Version 16
VisualStudioVersion = 16.0.28621.142
MinimumVisualStudioVersion = 10.0.40219.1
Project("{9A19103F-16F7-4668-BE54-9A1E7A4F7556}") = "NetoAPI.NET", "NetoAPI.NET\NetoAPI.NET.csproj", "{3866AF54-51AB-43F8-AA9A-E9E8DBBF891B}"
EndProject
Project("{FAE04EC0-301F-11D3-BF4B-00C04F79EFBC}") = "NetoAPI.NET.Tests", "NetoAPI.NET.Tests\NetoAPI.NET.Tests.csproj", "{538B2480-0D86-4C38-B07D-B5328DF5FF05}"
EndProject
Global
	GlobalSection(SolutionConfigurationPlatforms) = preSolution
		Debug|Any CPU = Debug|Any CPU
		Release|Any CPU = Release|Any CPU
	EndGlobalSection
	GlobalSection(ProjectConfigurationPlatforms) = postSolution
		{3866AF54-51AB-43F8-AA9A-E9E8DBBF891B}.Debug|Any CPU.ActiveCfg = Debug|Any CPU
		{3866AF54-51AB-43F8-AA9A-E9E8DBBF891B}.Debug|Any CPU.Build.0 = Debug|Any CPU
		{3866AF54-51AB-43F8-AA9A-E9E8DBBF891B}.Release|Any CPU.ActiveCfg = Release|Any CPU
		{3866AF54-51AB-43F8-AA9A-E9E8DBBF891B}.Release|Any CPU.Build.0 = Release|Any CPU
		{538B2480-0D86-4C38-B07D-B5328DF5FF05}.Debug|Any CPU.ActiveCfg = Debug|Any CPU
		{538B2480-0D86-4C38-B07D-B5328DF5FF05}.Debug|Any CPU.Build.0 = Debug|Any CPU
		{538B2480-0D86-4C38-B07D-B5328DF5FF05}.Release|Any CPU.ActiveCfg = Release|Any CPU
		{538B2480-0D86-4C38-B07D-B5328DF5FF05}.Release|Any CPU.Build.0 = Release|Any CPU
	EndGlobalSection
	GlobalSection(SolutionProperties) = preSolution
		HideSolutionNode = FALSE
	EndGlobalSection
	GlobalSection(ExtensibilityGlobals) = postSolution
		SolutionGuid = {843CDD53-3610-48D5-9DF8-45B883F4CD52}
	EndGlobalSection
EndGlobal
